{
  "version": "4",
  "remote": {
    "https://deno.land/std@0.114.0/fmt/colors.ts": "8368ddf2d48dfe413ffd04cdbb7ae6a1009cf0dccc9c7ff1d76259d9c61a0621",
    "https://deno.land/std@0.114.0/testing/_diff.ts": "95578951cd3c9977fd3822c64e9831c739ae8d2a5faece71d3f21bfb553f6275",
    "https://deno.land/std@0.114.0/testing/asserts.ts": "550c71c634c608cffabf9e50520435cf03ff4bbd1db1253b0ade4debb444b131"
  }
}
